
Microsoft Visual Studio Solution File, Format Version 12.00
# Visual Studio Version 17
VisualStudioVersion = 17.2.32630.192
MinimumVisualStudioVersion = 10.0.40219.1
Project("{FAE04EC0-301F-11D3-BF4B-00C04F79EFBC}") = "GadgetQuickLaunch", "GadgetQuickLaunch\GadgetQuickLaunch.csproj", "{5EAD132C-E46F-4C82-9B4F-61C0B7CAA156}"
EndProject
Global
	GlobalSection(SolutionConfigurationPlatforms) = preSolution
		Debug|Any CPU = Debug|Any CPU
		Release|Any CPU = Release|Any CPU
	EndGlobalSection
	GlobalSection(ProjectConfigurationPlatforms) = postSolution
		{5EAD132C-E46F-4C82-9B4F-61C0B7CAA156}.Debug|Any CPU.ActiveCfg = Debug|Any CPU
		{5EAD132C-E46F-4C82-9B4F-61C0B7CAA156}.Debug|Any CPU.Build.0 = Debug|Any CPU
		{5EAD132C-E46F-4C82-9B4F-61C0B7CAA156}.Release|Any CPU.ActiveCfg = Release|Any CPU
		{5EAD132C-E46F-4C82-9B4F-61C0B7CAA156}.Release|Any CPU.Build.0 = Release|Any CPU
	EndGlobalSection
	GlobalSection(SolutionProperties) = preSolution
		HideSolutionNode = FALSE
	EndGlobalSection
	GlobalSection(ExtensibilityGlobals) = postSolution
		SolutionGuid = {FEC2AB9C-FB23-484D-A634-ADBF69DCC251}
	EndGlobalSection
EndGlobal
